
Microsoft Visual Studio Solution File, Format Version 12.00
# Visual Studio Version 16
VisualStudioVersion = 16.0.29230.47
MinimumVisualStudioVersion = 10.0.40219.1
Project("{9A19103F-16F7-4668-BE54-9A1E7A4F7556}") = "eShopSolution.WebApp", "eShopSolution.WebApp\eShopSolution.WebApp.csproj", "{7A5B4F03-C2EC-47C7-876F-A88D30FD8176}"
EndProject
Project("{2150E333-8FDC-42A3-9474-1A3956D46DE8}") = "Solution Items", "Solution Items", "{A4CD2C1C-3403-42A0-A41B-BBA0A66EFFA4}"
	ProjectSection(SolutionItems) = preProject
		README.md = README.md
	EndProjectSection
EndProject
Project("{FAE04EC0-301F-11D3-BF4B-00C04F79EFBC}") = "eShopSolution.Data", "eShopSolution.Data\eShopSolution.Data.csproj", "{DCA08919-3FA2-42D8-A49F-B66CEEAA4D05}"
EndProject
Project("{FAE04EC0-301F-11D3-BF4B-00C04F79EFBC}") = "eShopSolution.Application", "eShopSolution.Application\eShopSolution.Application.csproj", "{2FA52068-5DA8-46A7-B96B-9F04AF7C1939}"
EndProject
Global
	GlobalSection(SolutionConfigurationPlatforms) = preSolution
		Debug|Any CPU = Debug|Any CPU
		Release|Any CPU = Release|Any CPU
	EndGlobalSection
	GlobalSection(ProjectConfigurationPlatforms) = postSolution
		{7A5B4F03-C2EC-47C7-876F-A88D30FD8176}.Debug|Any CPU.ActiveCfg = Debug|Any CPU
		{7A5B4F03-C2EC-47C7-876F-A88D30FD8176}.Debug|Any CPU.Build.0 = Debug|Any CPU
		{7A5B4F03-C2EC-47C7-876F-A88D30FD8176}.Release|Any CPU.ActiveCfg = Release|Any CPU
		{7A5B4F03-C2EC-47C7-876F-A88D30FD8176}.Release|Any CPU.Build.0 = Release|Any CPU
		{DCA08919-3FA2-42D8-A49F-B66CEEAA4D05}.Debug|Any CPU.ActiveCfg = Debug|Any CPU
		{DCA08919-3FA2-42D8-A49F-B66CEEAA4D05}.Debug|Any CPU.Build.0 = Debug|Any CPU
		{DCA08919-3FA2-42D8-A49F-B66CEEAA4D05}.Release|Any CPU.ActiveCfg = Release|Any CPU
		{DCA08919-3FA2-42D8-A49F-B66CEEAA4D05}.Release|Any CPU.Build.0 = Release|Any CPU
		{2FA52068-5DA8-46A7-B96B-9F04AF7C1939}.Debug|Any CPU.ActiveCfg = Debug|Any CPU
		{2FA52068-5DA8-46A7-B96B-9F04AF7C1939}.Debug|Any CPU.Build.0 = Debug|Any CPU
		{2FA52068-5DA8-46A7-B96B-9F04AF7C1939}.Release|Any CPU.ActiveCfg = Release|Any CPU
		{2FA52068-5DA8-46A7-B96B-9F04AF7C1939}.Release|Any CPU.Build.0 = Release|Any CPU
	EndGlobalSection
	GlobalSection(SolutionProperties) = preSolution
		HideSolutionNode = FALSE
	EndGlobalSection
	GlobalSection(ExtensibilityGlobals) = postSolution
		SolutionGuid = {338247E2-3EFE-4B2F-A514-534CDADCAC49}
	EndGlobalSection
EndGlobal
