
Microsoft Visual Studio Solution File, Format Version 12.00
# Visual Studio Version 16
VisualStudioVersion = 16.0.29230.47
MinimumVisualStudioVersion = 10.0.40219.1
Project("{FAE04EC0-301F-11D3-BF4B-00C04F79EFBC}") = "eShopSolution.WebApp", "eShopSolution.WebApp\eShopSolution.WebApp.csproj", "{7A5B4F03-C2EC-47C7-876F-A88D30FD8176}"
EndProject
Global
	GlobalSection(SolutionConfigurationPlatforms) = preSolution
		Debug|Any CPU = Debug|Any CPU
		Release|Any CPU = Release|Any CPU
	EndGlobalSection
	GlobalSection(ProjectConfigurationPlatforms) = postSolution
		{7A5B4F03-C2EC-47C7-876F-A88D30FD8176}.Debug|Any CPU.ActiveCfg = Debug|Any CPU
		{7A5B4F03-C2EC-47C7-876F-A88D30FD8176}.Debug|Any CPU.Build.0 = Debug|Any CPU
		{7A5B4F03-C2EC-47C7-876F-A88D30FD8176}.Release|Any CPU.ActiveCfg = Release|Any CPU
		{7A5B4F03-C2EC-47C7-876F-A88D30FD8176}.Release|Any CPU.Build.0 = Release|Any CPU
	EndGlobalSection
	GlobalSection(SolutionProperties) = preSolution
		HideSolutionNode = FALSE
	EndGlobalSection
	GlobalSection(ExtensibilityGlobals) = postSolution
		SolutionGuid = {338247E2-3EFE-4B2F-A514-534CDADCAC49}
	EndGlobalSection
EndGlobal
